// !$*UTF8*$!
{
	archiveVersion = 1;
	classes = {
	};
	objectVersion = 50;
	objects = {

/* Begin PBXBuildFile section */
		321B54C121A2D173004225B6 /* WGFirstViewController.m in Sources */ = {isa = PBXBuildFile; fileRef = 321B54C021A2D173004225B6 /* WGFirstViewController.m */; };
		321B54C421A2D1A0004225B6 /* WGBaseViewModel.m in Sources */ = {isa = PBXBuildFile; fileRef = 321B54C321A2D1A0004225B6 /* WGBaseViewModel.m */; };
		321B54C721A2D1CA004225B6 /* WGFirstModel.m in Sources */ = {isa = PBXBuildFile; fileRef = 321B54C621A2D1CA004225B6 /* WGFirstModel.m */; };
		321B54CA21A2D1E4004225B6 /* WGFirstViewModel.m in Sources */ = {isa = PBXBuildFile; fileRef = 321B54C921A2D1E4004225B6 /* WGFirstViewModel.m */; };
		3233104421CA3C240067256F /* WGRACViewController.m in Sources */ = {isa = PBXBuildFile; fileRef = 3233104321CA3C240067256F /* WGRACViewController.m */; };
		3233104721CA44570067256F /* WGRACTwoViewController.m in Sources */ = {isa = PBXBuildFile; fileRef = 3233104621CA44570067256F /* WGRACTwoViewController.m */; };
		3233104B21CCD9C00067256F /* WGLoginViewController.m in Sources */ = {isa = PBXBuildFile; fileRef = 3233104A21CCD9C00067256F /* WGLoginViewController.m */; };
		3233104E21CCDBDB0067256F /* AccountModel.m in Sources */ = {isa = PBXBuildFile; fileRef = 3233104D21CCDBDB0067256F /* AccountModel.m */; };
		3233105121CCDC210067256F /* LoginViewModel.m in Sources */ = {isa = PBXBuildFile; fileRef = 3233105021CCDC210067256F /* LoginViewModel.m */; };
		3251257921D6083300B0888A /* WGHomeViewModel.m in Sources */ = {isa = PBXBuildFile; fileRef = 3251257821D6083300B0888A /* WGHomeViewModel.m */; };
		3251257C21D6146100B0888A /* WGHomeModel.m in Sources */ = {isa = PBXBuildFile; fileRef = 3251257B21D6146100B0888A /* WGHomeModel.m */; };
		32577F8A2170844400477C0A /* AppDelegate.m in Sources */ = {isa = PBXBuildFile; fileRef = 32577F892170844400477C0A /* AppDelegate.m */; };
		32577F8D2170844400477C0A /* ViewController.m in Sources */ = {isa = PBXBuildFile; fileRef = 32577F8C2170844400477C0A /* ViewController.m */; };
		32577F922170844600477C0A /* Assets.xcassets in Resources */ = {isa = PBXBuildFile; fileRef = 32577F912170844600477C0A /* Assets.xcassets */; };
		32577F952170844600477C0A /* LaunchScreen.storyboard in Resources */ = {isa = PBXBuildFile; fileRef = 32577F932170844600477C0A /* LaunchScreen.storyboard */; };
		32577F982170844600477C0A /* main.m in Sources */ = {isa = PBXBuildFile; fileRef = 32577F972170844600477C0A /* main.m */; };
		32577FA22170844600477C0A /* WGMVVMTests.m in Sources */ = {isa = PBXBuildFile; fileRef = 32577FA12170844600477C0A /* WGMVVMTests.m */; };
		32577FAD2170844600477C0A /* WGMVVMUITests.m in Sources */ = {isa = PBXBuildFile; fileRef = 32577FAC2170844600477C0A /* WGMVVMUITests.m */; };
		325784AF21D4E543000E512A /* WGResultModel.m in Sources */ = {isa = PBXBuildFile; fileRef = 325784AE21D4E543000E512A /* WGResultModel.m */; };
		325784B221D4EA46000E512A /* WGNewLoginViewModel.m in Sources */ = {isa = PBXBuildFile; fileRef = 325784B121D4EA46000E512A /* WGNewLoginViewModel.m */; };
		325784B721D4F104000E512A /* LoadingTool.m in Sources */ = {isa = PBXBuildFile; fileRef = 325784B521D4F104000E512A /* LoadingTool.m */; };
		325784B821D4F104000E512A /* NetworkingTool.m in Sources */ = {isa = PBXBuildFile; fileRef = 325784B621D4F104000E512A /* NetworkingTool.m */; };
		325784BA21D5C0F9000E512A /* data.json in Resources */ = {isa = PBXBuildFile; fileRef = 325784B921D5C0F9000E512A /* data.json */; };
		326DA6A121D47660004D00E8 /* WGLoginTwoViewController.m in Sources */ = {isa = PBXBuildFile; fileRef = 326DA6A021D47660004D00E8 /* WGLoginTwoViewController.m */; };
		326DA6A521D4BB3D004D00E8 /* WGNewLoginViewController.m in Sources */ = {isa = PBXBuildFile; fileRef = 326DA6A421D4BB3D004D00E8 /* WGNewLoginViewController.m */; };
		326DA6AA21D4C747004D00E8 /* WGUserModel.m in Sources */ = {isa = PBXBuildFile; fileRef = 326DA6A921D4C747004D00E8 /* WGUserModel.m */; };
		326DA6B221D4CC25004D00E8 /* WGServices.m in Sources */ = {isa = PBXBuildFile; fileRef = 326DA6B121D4CC25004D00E8 /* WGServices.m */; };
		326DA6B521D4CCCB004D00E8 /* WGResult.m in Sources */ = {isa = PBXBuildFile; fileRef = 326DA6B421D4CCCB004D00E8 /* WGResult.m */; };
		326DA6B821D4DD2F004D00E8 /* WGUser.m in Sources */ = {isa = PBXBuildFile; fileRef = 326DA6B721D4DD2F004D00E8 /* WGUser.m */; };
		32B97F8221D73B7C00D01C9B /* WGFriendModel.m in Sources */ = {isa = PBXBuildFile; fileRef = 32B97F8121D73B7C00D01C9B /* WGFriendModel.m */; };
		32B97F8521D74C3100D01C9B /* FriendTableViewCell.m in Sources */ = {isa = PBXBuildFile; fileRef = 32B97F8321D74C3100D01C9B /* FriendTableViewCell.m */; };
		32B97F8B21D74D0200D01C9B /* WGFriendCellViewModel.m in Sources */ = {isa = PBXBuildFile; fileRef = 32B97F8A21D74D0200D01C9B /* WGFriendCellViewModel.m */; };
		32EE5B1721A427DF0085FE61 /* WGFirstView.m in Sources */ = {isa = PBXBuildFile; fileRef = 32EE5B1621A427DF0085FE61 /* WGFirstView.m */; };
		576CE5D403FFE0E1198CE9D2 /* libPods-WGMVVM.a in Frameworks */ = {isa = PBXBuildFile; fileRef = 8E69F99D4FD9A87664433CE1 /* libPods-WGMVVM.a */; };
/* End PBXBuildFile section */

/* Begin PBXContainerItemProxy section */
		32577F9E2170844600477C0A /* PBXContainerItemProxy */ = {
			isa = PBXContainerItemProxy;
			containerPortal = 32577F7D2170844400477C0A /* Project object */;
			proxyType = 1;
			remoteGlobalIDString = 32577F842170844400477C0A;
			remoteInfo = WGMVVM;
		};
		32577FA92170844600477C0A /* PBXContainerItemProxy */ = {
			isa = PBXContainerItemProxy;
			containerPortal = 32577F7D2170844400477C0A /* Project object */;
			proxyType = 1;
			remoteGlobalIDString = 32577F842170844400477C0A;
			remoteInfo = WGMVVM;
		};
/* End PBXContainerItemProxy section */

/* Begin PBXFileReference section */
		321B54BF21A2D173004225B6 /* WGFirstViewController.h */ = {isa = PBXFileReference; lastKnownFileType = sourcecode.c.h; path = WGFirstViewController.h; sourceTree = "<group>"; };
		321B54C021A2D173004225B6 /* WGFirstViewController.m */ = {isa = PBXFileReference; lastKnownFileType = sourcecode.c.objc; path = WGFirstViewController.m; sourceTree = "<group>"; };
		321B54C221A2D1A0004225B6 /* WGBaseViewModel.h */ = {isa = PBXFileReference; lastKnownFileType = sourcecode.c.h; path = WGBaseViewModel.h; sourceTree = "<group>"; };
		321B54C321A2D1A0004225B6 /* WGBaseViewModel.m */ = {isa = PBXFileReference; lastKnownFileType = sourcecode.c.objc; path = WGBaseViewModel.m; sourceTree = "<group>"; };
		321B54C521A2D1CA004225B6 /* WGFirstModel.h */ = {isa = PBXFileReference; lastKnownFileType = sourcecode.c.h; path = WGFirstModel.h; sourceTree = "<group>"; };
		321B54C621A2D1CA004225B6 /* WGFirstModel.m */ = {isa = PBXFileReference; lastKnownFileType = sourcecode.c.objc; path = WGFirstModel.m; sourceTree = "<group>"; };
		321B54C821A2D1E4004225B6 /* WGFirstViewModel.h */ = {isa = PBXFileReference; lastKnownFileType = sourcecode.c.h; path = WGFirstViewModel.h; sourceTree = "<group>"; };
		321B54C921A2D1E4004225B6 /* WGFirstViewModel.m */ = {isa = PBXFileReference; lastKnownFileType = sourcecode.c.objc; path = WGFirstViewModel.m; sourceTree = "<group>"; };
		3233104221CA3C240067256F /* WGRACViewController.h */ = {isa = PBXFileReference; lastKnownFileType = sourcecode.c.h; path = WGRACViewController.h; sourceTree = "<group>"; };
		3233104321CA3C240067256F /* WGRACViewController.m */ = {isa = PBXFileReference; lastKnownFileType = sourcecode.c.objc; path = WGRACViewController.m; sourceTree = "<group>"; };
		3233104521CA44570067256F /* WGRACTwoViewController.h */ = {isa = PBXFileReference; lastKnownFileType = sourcecode.c.h; path = WGRACTwoViewController.h; sourceTree = "<group>"; };
		3233104621CA44570067256F /* WGRACTwoViewController.m */ = {isa = PBXFileReference; lastKnownFileType = sourcecode.c.objc; path = WGRACTwoViewController.m; sourceTree = "<group>"; };
		3233104921CCD9C00067256F /* WGLoginViewController.h */ = {isa = PBXFileReference; lastKnownFileType = sourcecode.c.h; path = WGLoginViewController.h; sourceTree = "<group>"; };
		3233104A21CCD9C00067256F /* WGLoginViewController.m */ = {isa = PBXFileReference; lastKnownFileType = sourcecode.c.objc; path = WGLoginViewController.m; sourceTree = "<group>"; };
		3233104C21CCDBDB0067256F /* AccountModel.h */ = {isa = PBXFileReference; lastKnownFileType = sourcecode.c.h; path = AccountModel.h; sourceTree = "<group>"; };
		3233104D21CCDBDB0067256F /* AccountModel.m */ = {isa = PBXFileReference; lastKnownFileType = sourcecode.c.objc; path = AccountModel.m; sourceTree = "<group>"; };
		3233104F21CCDC210067256F /* LoginViewModel.h */ = {isa = PBXFileReference; lastKnownFileType = sourcecode.c.h; path = LoginViewModel.h; sourceTree = "<group>"; };
		3233105021CCDC210067256F /* LoginViewModel.m */ = {isa = PBXFileReference; lastKnownFileType = sourcecode.c.objc; path = LoginViewModel.m; sourceTree = "<group>"; };
		3251257721D6083300B0888A /* WGHomeViewModel.h */ = {isa = PBXFileReference; lastKnownFileType = sourcecode.c.h; path = WGHomeViewModel.h; sourceTree = "<group>"; };
		3251257821D6083300B0888A /* WGHomeViewModel.m */ = {isa = PBXFileReference; lastKnownFileType = sourcecode.c.objc; path = WGHomeViewModel.m; sourceTree = "<group>"; };
		3251257A21D6146100B0888A /* WGHomeModel.h */ = {isa = PBXFileReference; lastKnownFileType = sourcecode.c.h; path = WGHomeModel.h; sourceTree = "<group>"; };
		3251257B21D6146100B0888A /* WGHomeModel.m */ = {isa = PBXFileReference; lastKnownFileType = sourcecode.c.objc; path = WGHomeModel.m; sourceTree = "<group>"; };
		32577F852170844400477C0A /* WGMVVM.app */ = {isa = PBXFileReference; explicitFileType = wrapper.application; includeInIndex = 0; path = WGMVVM.app; sourceTree = BUILT_PRODUCTS_DIR; };
		32577F882170844400477C0A /* AppDelegate.h */ = {isa = PBXFileReference; lastKnownFileType = sourcecode.c.h; path = AppDelegate.h; sourceTree = "<group>"; };
		32577F892170844400477C0A /* AppDelegate.m */ = {isa = PBXFileReference; lastKnownFileType = sourcecode.c.objc; path = AppDelegate.m; sourceTree = "<group>"; };
		32577F8B2170844400477C0A /* ViewController.h */ = {isa = PBXFileReference; lastKnownFileType = sourcecode.c.h; path = ViewController.h; sourceTree = "<group>"; };
		32577F8C2170844400477C0A /* ViewController.m */ = {isa = PBXFileReference; lastKnownFileType = sourcecode.c.objc; path = ViewController.m; sourceTree = "<group>"; };
		32577F912170844600477C0A /* Assets.xcassets */ = {isa = PBXFileReference; lastKnownFileType = folder.assetcatalog; path = Assets.xcassets; sourceTree = "<group>"; };
		32577F942170844600477C0A /* Base */ = {isa = PBXFileReference; lastKnownFileType = file.storyboard; name = Base; path = Base.lproj/LaunchScreen.storyboard; sourceTree = "<group>"; };
		32577F962170844600477C0A /* Info.plist */ = {isa = PBXFileReference; lastKnownFileType = text.plist.xml; path = Info.plist; sourceTree = "<group>"; };
		32577F972170844600477C0A /* main.m */ = {isa = PBXFileReference; lastKnownFileType = sourcecode.c.objc; path = main.m; sourceTree = "<group>"; };
		32577F9D2170844600477C0A /* WGMVVMTests.xctest */ = {isa = PBXFileReference; explicitFileType = wrapper.cfbundle; includeInIndex = 0; path = WGMVVMTests.xctest; sourceTree = BUILT_PRODUCTS_DIR; };
		32577FA12170844600477C0A /* WGMVVMTests.m */ = {isa = PBXFileReference; lastKnownFileType = sourcecode.c.objc; path = WGMVVMTests.m; sourceTree = "<group>"; };
		32577FA32170844600477C0A /* Info.plist */ = {isa = PBXFileReference; lastKnownFileType = text.plist.xml; path = Info.plist; sourceTree = "<group>"; };
		32577FA82170844600477C0A /* WGMVVMUITests.xctest */ = {isa = PBXFileReference; explicitFileType = wrapper.cfbundle; includeInIndex = 0; path = WGMVVMUITests.xctest; sourceTree = BUILT_PRODUCTS_DIR; };
		32577FAC2170844600477C0A /* WGMVVMUITests.m */ = {isa = PBXFileReference; lastKnownFileType = sourcecode.c.objc; path = WGMVVMUITests.m; sourceTree = "<group>"; };
		32577FAE2170844600477C0A /* Info.plist */ = {isa = PBXFileReference; lastKnownFileType = text.plist.xml; path = Info.plist; sourceTree = "<group>"; };
		325784AD21D4E543000E512A /* WGResultModel.h */ = {isa = PBXFileReference; lastKnownFileType = sourcecode.c.h; path = WGResultModel.h; sourceTree = "<group>"; };
		325784AE21D4E543000E512A /* WGResultModel.m */ = {isa = PBXFileReference; lastKnownFileType = sourcecode.c.objc; path = WGResultModel.m; sourceTree = "<group>"; };
		325784B021D4EA46000E512A /* WGNewLoginViewModel.h */ = {isa = PBXFileReference; lastKnownFileType = sourcecode.c.h; path = WGNewLoginViewModel.h; sourceTree = "<group>"; };
		325784B121D4EA46000E512A /* WGNewLoginViewModel.m */ = {isa = PBXFileReference; lastKnownFileType = sourcecode.c.objc; path = WGNewLoginViewModel.m; sourceTree = "<group>"; };
		325784B321D4F103000E512A /* NetworkingTool.h */ = {isa = PBXFileReference; fileEncoding = 4; lastKnownFileType = sourcecode.c.h; path = NetworkingTool.h; sourceTree = "<group>"; };
		325784B421D4F103000E512A /* LoadingTool.h */ = {isa = PBXFileReference; fileEncoding = 4; lastKnownFileType = sourcecode.c.h; path = LoadingTool.h; sourceTree = "<group>"; };
		325784B521D4F104000E512A /* LoadingTool.m */ = {isa = PBXFileReference; fileEncoding = 4; lastKnownFileType = sourcecode.c.objc; path = LoadingTool.m; sourceTree = "<group>"; };
		325784B621D4F104000E512A /* NetworkingTool.m */ = {isa = PBXFileReference; fileEncoding = 4; lastKnownFileType = sourcecode.c.objc; path = NetworkingTool.m; sourceTree = "<group>"; };
		325784B921D5C0F9000E512A /* data.json */ = {isa = PBXFileReference; fileEncoding = 4; lastKnownFileType = text.json; path = data.json; sourceTree = "<group>"; };
		326DA69F21D47660004D00E8 /* WGLoginTwoViewController.h */ = {isa = PBXFileReference; lastKnownFileType = sourcecode.c.h; path = WGLoginTwoViewController.h; sourceTree = "<group>"; };
		326DA6A021D47660004D00E8 /* WGLoginTwoViewController.m */ = {isa = PBXFileReference; lastKnownFileType = sourcecode.c.objc; path = WGLoginTwoViewController.m; sourceTree = "<group>"; };
		326DA6A321D4BB3D004D00E8 /* WGNewLoginViewController.h */ = {isa = PBXFileReference; lastKnownFileType = sourcecode.c.h; path = WGNewLoginViewController.h; sourceTree = "<group>"; };
		326DA6A421D4BB3D004D00E8 /* WGNewLoginViewController.m */ = {isa = PBXFileReference; lastKnownFileType = sourcecode.c.objc; path = WGNewLoginViewController.m; sourceTree = "<group>"; };
		326DA6A621D4BC31004D00E8 /* WGMVVM.pch */ = {isa = PBXFileReference; lastKnownFileType = sourcecode.c.h; path = WGMVVM.pch; sourceTree = "<group>"; };
		326DA6A821D4C747004D00E8 /* WGUserModel.h */ = {isa = PBXFileReference; lastKnownFileType = sourcecode.c.h; path = WGUserModel.h; sourceTree = "<group>"; };
		326DA6A921D4C747004D00E8 /* WGUserModel.m */ = {isa = PBXFileReference; lastKnownFileType = sourcecode.c.objc; path = WGUserModel.m; sourceTree = "<group>"; };
		326DA6B021D4CC25004D00E8 /* WGServices.h */ = {isa = PBXFileReference; lastKnownFileType = sourcecode.c.h; path = WGServices.h; sourceTree = "<group>"; };
		326DA6B121D4CC25004D00E8 /* WGServices.m */ = {isa = PBXFileReference; lastKnownFileType = sourcecode.c.objc; path = WGServices.m; sourceTree = "<group>"; };
		326DA6B321D4CCCB004D00E8 /* WGResult.h */ = {isa = PBXFileReference; lastKnownFileType = sourcecode.c.h; path = WGResult.h; sourceTree = "<group>"; };
		326DA6B421D4CCCB004D00E8 /* WGResult.m */ = {isa = PBXFileReference; lastKnownFileType = sourcecode.c.objc; path = WGResult.m; sourceTree = "<group>"; };
		326DA6B621D4DD2F004D00E8 /* WGUser.h */ = {isa = PBXFileReference; lastKnownFileType = sourcecode.c.h; path = WGUser.h; sourceTree = "<group>"; };
		326DA6B721D4DD2F004D00E8 /* WGUser.m */ = {isa = PBXFileReference; lastKnownFileType = sourcecode.c.objc; path = WGUser.m; sourceTree = "<group>"; };
		32B97F8021D73B7C00D01C9B /* WGFriendModel.h */ = {isa = PBXFileReference; lastKnownFileType = sourcecode.c.h; path = WGFriendModel.h; sourceTree = "<group>"; };
		32B97F8121D73B7C00D01C9B /* WGFriendModel.m */ = {isa = PBXFileReference; lastKnownFileType = sourcecode.c.objc; path = WGFriendModel.m; sourceTree = "<group>"; };
		32B97F8321D74C3100D01C9B /* FriendTableViewCell.m */ = {isa = PBXFileReference; fileEncoding = 4; lastKnownFileType = sourcecode.c.objc; path = FriendTableViewCell.m; sourceTree = "<group>"; };
		32B97F8421D74C3100D01C9B /* FriendTableViewCell.h */ = {isa = PBXFileReference; fileEncoding = 4; lastKnownFileType = sourcecode.c.h; path = FriendTableViewCell.h; sourceTree = "<group>"; };
		32B97F8921D74D0200D01C9B /* WGFriendCellViewModel.h */ = {isa = PBXFileReference; lastKnownFileType = sourcecode.c.h; path = WGFriendCellViewModel.h; sourceTree = "<group>"; };
		32B97F8A21D74D0200D01C9B /* WGFriendCellViewModel.m */ = {isa = PBXFileReference; lastKnownFileType = sourcecode.c.objc; path = WGFriendCellViewModel.m; sourceTree = "<group>"; };
		32EE5B1521A427DF0085FE61 /* WGFirstView.h */ = {isa = PBXFileReference; lastKnownFileType = sourcecode.c.h; path = WGFirstView.h; sourceTree = "<group>"; };
		32EE5B1621A427DF0085FE61 /* WGFirstView.m */ = {isa = PBXFileReference; lastKnownFileType = sourcecode.c.objc; path = WGFirstView.m; sourceTree = "<group>"; };
		8E69F99D4FD9A87664433CE1 /* libPods-WGMVVM.a */ = {isa = PBXFileReference; explicitFileType = archive.ar; includeInIndex = 0; path = "libPods-WGMVVM.a"; sourceTree = BUILT_PRODUCTS_DIR; };
		D79B5F0E653558AEAFAF24B2 /* Pods-WGMVVM.debug.xcconfig */ = {isa = PBXFileReference; includeInIndex = 1; lastKnownFileType = text.xcconfig; name = "Pods-WGMVVM.debug.xcconfig"; path = "Pods/Target Support Files/Pods-WGMVVM/Pods-WGMVVM.debug.xcconfig"; sourceTree = "<group>"; };
		F0FD68853BC914522A7815AD /* Pods-WGMVVM.release.xcconfig */ = {isa = PBXFileReference; includeInIndex = 1; lastKnownFileType = text.xcconfig; name = "Pods-WGMVVM.release.xcconfig"; path = "Pods/Target Support Files/Pods-WGMVVM/Pods-WGMVVM.release.xcconfig"; sourceTree = "<group>"; };
/* End PBXFileReference section */

/* Begin PBXFrameworksBuildPhase section */
		32577F822170844400477C0A /* Frameworks */ = {
			isa = PBXFrameworksBuildPhase;
			buildActionMask = 2147483647;
			files = (
				576CE5D403FFE0E1198CE9D2 /* libPods-WGMVVM.a in Frameworks */,
			);
			runOnlyForDeploymentPostprocessing = 0;
		};
		32577F9A2170844600477C0A /* Frameworks */ = {
			isa = PBXFrameworksBuildPhase;
			buildActionMask = 2147483647;
			files = (
			);
			runOnlyForDeploymentPostprocessing = 0;
		};
		32577FA52170844600477C0A /* Frameworks */ = {
			isa = PBXFrameworksBuildPhase;
			buildActionMask = 2147483647;
			files = (
			);
			runOnlyForDeploymentPostprocessing = 0;
		};
/* End PBXFrameworksBuildPhase section */

/* Begin PBXGroup section */
		2C182499A14223AEFA91AFEA /* Pods */ = {
			isa = PBXGroup;
			children = (
				D79B5F0E653558AEAFAF24B2 /* Pods-WGMVVM.debug.xcconfig */,
				F0FD68853BC914522A7815AD /* Pods-WGMVVM.release.xcconfig */,
			);
			name = Pods;
			sourceTree = "<group>";
		};
		321B54BE21A2D14E004225B6 /* demo01 */ = {
			isa = PBXGroup;
			children = (
				321B54BF21A2D173004225B6 /* WGFirstViewController.h */,
				321B54C021A2D173004225B6 /* WGFirstViewController.m */,
				321B54C521A2D1CA004225B6 /* WGFirstModel.h */,
				321B54C621A2D1CA004225B6 /* WGFirstModel.m */,
				321B54C821A2D1E4004225B6 /* WGFirstViewModel.h */,
				321B54C921A2D1E4004225B6 /* WGFirstViewModel.m */,
				32EE5B1521A427DF0085FE61 /* WGFirstView.h */,
				32EE5B1621A427DF0085FE61 /* WGFirstView.m */,
			);
			path = demo01;
			sourceTree = "<group>";
		};
		3233104121CA3C010067256F /* RACLearn */ = {
			isa = PBXGroup;
			children = (
				3233104221CA3C240067256F /* WGRACViewController.h */,
				3233104321CA3C240067256F /* WGRACViewController.m */,
				3233104521CA44570067256F /* WGRACTwoViewController.h */,
				3233104621CA44570067256F /* WGRACTwoViewController.m */,
			);
			path = RACLearn;
			sourceTree = "<group>";
		};
		3233104821CCD83B0067256F /* LoginFile */ = {
			isa = PBXGroup;
			children = (
				3233104921CCD9C00067256F /* WGLoginViewController.h */,
				3233104A21CCD9C00067256F /* WGLoginViewController.m */,
				3233104C21CCDBDB0067256F /* AccountModel.h */,
				3233104D21CCDBDB0067256F /* AccountModel.m */,
				3233104F21CCDC210067256F /* LoginViewModel.h */,
				3233105021CCDC210067256F /* LoginViewModel.m */,
			);
			path = LoginFile;
			sourceTree = "<group>";
		};
		32577F7C2170844400477C0A = {
			isa = PBXGroup;
			children = (
				32577F872170844400477C0A /* WGMVVM */,
				32577FA02170844600477C0A /* WGMVVMTests */,
				32577FAB2170844600477C0A /* WGMVVMUITests */,
				32577F862170844400477C0A /* Products */,
				2C182499A14223AEFA91AFEA /* Pods */,
				F9F3D6B343CD00A3C5C51165 /* Frameworks */,
			);
			sourceTree = "<group>";
		};
		32577F862170844400477C0A /* Products */ = {
			isa = PBXGroup;
			children = (
				32577F852170844400477C0A /* WGMVVM.app */,
				32577F9D2170844600477C0A /* WGMVVMTests.xctest */,
				32577FA82170844600477C0A /* WGMVVMUITests.xctest */,
			);
			name = Products;
			sourceTree = "<group>";
		};
		32577F872170844400477C0A /* WGMVVM */ = {
			isa = PBXGroup;
			children = (
				326DA6A221D4A4F4004D00E8 /* Demo02 */,
				3233104821CCD83B0067256F /* LoginFile */,
				3233104121CA3C010067256F /* RACLearn */,
				321B54BE21A2D14E004225B6 /* demo01 */,
				32577F882170844400477C0A /* AppDelegate.h */,
				32577F892170844400477C0A /* AppDelegate.m */,
				32577F8B2170844400477C0A /* ViewController.h */,
				32577F8C2170844400477C0A /* ViewController.m */,
				321B54C221A2D1A0004225B6 /* WGBaseViewModel.h */,
				321B54C321A2D1A0004225B6 /* WGBaseViewModel.m */,
				326DA6A621D4BC31004D00E8 /* WGMVVM.pch */,
				32577F912170844600477C0A /* Assets.xcassets */,
				32577F932170844600477C0A /* LaunchScreen.storyboard */,
				32577F962170844600477C0A /* Info.plist */,
				32577F972170844600477C0A /* main.m */,
				325784B921D5C0F9000E512A /* data.json */,
			);
			path = WGMVVM;
			sourceTree = "<group>";
		};
		32577FA02170844600477C0A /* WGMVVMTests */ = {
			isa = PBXGroup;
			children = (
				32577FA12170844600477C0A /* WGMVVMTests.m */,
				32577FA32170844600477C0A /* Info.plist */,
			);
			path = WGMVVMTests;
			sourceTree = "<group>";
		};
		32577FAB2170844600477C0A /* WGMVVMUITests */ = {
			isa = PBXGroup;
			children = (
				32577FAC2170844600477C0A /* WGMVVMUITests.m */,
				32577FAE2170844600477C0A /* Info.plist */,
			);
			path = WGMVVMUITests;
			sourceTree = "<group>";
		};
		326DA6A221D4A4F4004D00E8 /* Demo02 */ = {
			isa = PBXGroup;
			children = (
				326DA6AF21D4CBC7004D00E8 /* Tools */,
				326DA6AE21D4CBB3004D00E8 /* ViewModels */,
				326DA6AD21D4CBAC004D00E8 /* Views */,
				326DA6AB21D4CAC9004D00E8 /* Models */,
				326DA6AC21D4CAF3004D00E8 /* Controllers */,
			);
			path = Demo02;
			sourceTree = "<group>";
		};
		326DA6AB21D4CAC9004D00E8 /* Models */ = {
			isa = PBXGroup;
			children = (
				326DA6B021D4CC25004D00E8 /* WGServices.h */,
				326DA6B121D4CC25004D00E8 /* WGServices.m */,
				326DA6B321D4CCCB004D00E8 /* WGResult.h */,
				326DA6B421D4CCCB004D00E8 /* WGResult.m */,
				325784AD21D4E543000E512A /* WGResultModel.h */,
				325784AE21D4E543000E512A /* WGResultModel.m */,
				326DA6A821D4C747004D00E8 /* WGUserModel.h */,
				326DA6A921D4C747004D00E8 /* WGUserModel.m */,
				326DA6B621D4DD2F004D00E8 /* WGUser.h */,
				326DA6B721D4DD2F004D00E8 /* WGUser.m */,
				3251257A21D6146100B0888A /* WGHomeModel.h */,
				3251257B21D6146100B0888A /* WGHomeModel.m */,
				32B97F8021D73B7C00D01C9B /* WGFriendModel.h */,
				32B97F8121D73B7C00D01C9B /* WGFriendModel.m */,
			);
			path = Models;
			sourceTree = "<group>";
		};
		326DA6AC21D4CAF3004D00E8 /* Controllers */ = {
			isa = PBXGroup;
			children = (
				326DA6A321D4BB3D004D00E8 /* WGNewLoginViewController.h */,
				326DA6A421D4BB3D004D00E8 /* WGNewLoginViewController.m */,
				326DA69F21D47660004D00E8 /* WGLoginTwoViewController.h */,
				326DA6A021D47660004D00E8 /* WGLoginTwoViewController.m */,
			);
			path = Controllers;
			sourceTree = "<group>";
		};
		326DA6AD21D4CBAC004D00E8 /* Views */ = {
			isa = PBXGroup;
			children = (
				32B97F8421D74C3100D01C9B /* FriendTableViewCell.h */,
				32B97F8321D74C3100D01C9B /* FriendTableViewCell.m */,
			);
			path = Views;
			sourceTree = "<group>";
		};
		326DA6AE21D4CBB3004D00E8 /* ViewModels */ = {
			isa = PBXGroup;
			children = (
				325784B021D4EA46000E512A /* WGNewLoginViewModel.h */,
				325784B121D4EA46000E512A /* WGNewLoginViewModel.m */,
				3251257721D6083300B0888A /* WGHomeViewModel.h */,
				3251257821D6083300B0888A /* WGHomeViewModel.m */,
				32B97F8921D74D0200D01C9B /* WGFriendCellViewModel.h */,
				32B97F8A21D74D0200D01C9B /* WGFriendCellViewModel.m */,
			);
			path = ViewModels;
			sourceTree = "<group>";
		};
		326DA6AF21D4CBC7004D00E8 /* Tools */ = {
			isa = PBXGroup;
			children = (
				325784B421D4F103000E512A /* LoadingTool.h */,
				325784B521D4F104000E512A /* LoadingTool.m */,
				325784B321D4F103000E512A /* NetworkingTool.h */,
				325784B621D4F104000E512A /* NetworkingTool.m */,
			);
			path = Tools;
			sourceTree = "<group>";
		};
		F9F3D6B343CD00A3C5C51165 /* Frameworks */ = {
			isa = PBXGroup;
			children = (
				8E69F99D4FD9A87664433CE1 /* libPods-WGMVVM.a */,
			);
			name = Frameworks;
			sourceTree = "<group>";
		};
/* End PBXGroup section */

/* Begin PBXNativeTarget section */
		32577F842170844400477C0A /* WGMVVM */ = {
			isa = PBXNativeTarget;
			buildConfigurationList = 32577FB12170844600477C0A /* Build configuration list for PBXNativeTarget "WGMVVM" */;
			buildPhases = (
				C2572C7F598992BAFD2B741A /* [CP] Check Pods Manifest.lock */,
				32577F812170844400477C0A /* Sources */,
				32577F822170844400477C0A /* Frameworks */,
				32577F832170844400477C0A /* Resources */,
				4CF67B9B5C8A45386A43A6BE /* [CP] Copy Pods Resources */,
			);
			buildRules = (
			);
			dependencies = (
			);
			name = WGMVVM;
			productName = WGMVVM;
			productReference = 32577F852170844400477C0A /* WGMVVM.app */;
			productType = "com.apple.product-type.application";
		};
		32577F9C2170844600477C0A /* WGMVVMTests */ = {
			isa = PBXNativeTarget;
			buildConfigurationList = 32577FB42170844600477C0A /* Build configuration list for PBXNativeTarget "WGMVVMTests" */;
			buildPhases = (
				32577F992170844600477C0A /* Sources */,
				32577F9A2170844600477C0A /* Frameworks */,
				32577F9B2170844600477C0A /* Resources */,
			);
			buildRules = (
			);
			dependencies = (
				32577F9F2170844600477C0A /* PBXTargetDependency */,
			);
			name = WGMVVMTests;
			productName = WGMVVMTests;
			productReference = 32577F9D2170844600477C0A /* WGMVVMTests.xctest */;
			productType = "com.apple.product-type.bundle.unit-test";
		};
		32577FA72170844600477C0A /* WGMVVMUITests */ = {
			isa = PBXNativeTarget;
			buildConfigurationList = 32577FB72170844600477C0A /* Build configuration list for PBXNativeTarget "WGMVVMUITests" */;
			buildPhases = (
				32577FA42170844600477C0A /* Sources */,
				32577FA52170844600477C0A /* Frameworks */,
				32577FA62170844600477C0A /* Resources */,
			);
			buildRules = (
			);
			dependencies = (
				32577FAA2170844600477C0A /* PBXTargetDependency */,
			);
			name = WGMVVMUITests;
			productName = WGMVVMUITests;
			productReference = 32577FA82170844600477C0A /* WGMVVMUITests.xctest */;
			productType = "com.apple.product-type.bundle.ui-testing";
		};
/* End PBXNativeTarget section */

/* Begin PBXProject section */
		32577F7D2170844400477C0A /* Project object */ = {
			isa = PBXProject;
			attributes = {
				CLASSPREFIX = WG;
				LastUpgradeCheck = 1000;
				ORGANIZATIONNAME = wanggang;
				TargetAttributes = {
					32577F842170844400477C0A = {
						CreatedOnToolsVersion = 10.0;
					};
					32577F9C2170844600477C0A = {
						CreatedOnToolsVersion = 10.0;
						TestTargetID = 32577F842170844400477C0A;
					};
					32577FA72170844600477C0A = {
						CreatedOnToolsVersion = 10.0;
						TestTargetID = 32577F842170844400477C0A;
					};
				};
			};
			buildConfigurationList = 32577F802170844400477C0A /* Build configuration list for PBXProject "WGMVVM" */;
			compatibilityVersion = "Xcode 9.3";
			developmentRegion = en;
			hasScannedForEncodings = 0;
			knownRegions = (
				en,
				Base,
			);
			mainGroup = 32577F7C2170844400477C0A;
			productRefGroup = 32577F862170844400477C0A /* Products */;
			projectDirPath = "";
			projectRoot = "";
			targets = (
				32577F842170844400477C0A /* WGMVVM */,
				32577F9C2170844600477C0A /* WGMVVMTests */,
				32577FA72170844600477C0A /* WGMVVMUITests */,
			);
		};
/* End PBXProject section */

/* Begin PBXResourcesBuildPhase section */
		32577F832170844400477C0A /* Resources */ = {
			isa = PBXResourcesBuildPhase;
			buildActionMask = 2147483647;
			files = (
				32577F952170844600477C0A /* LaunchScreen.storyboard in Resources */,
				325784BA21D5C0F9000E512A /* data.json in Resources */,
				32577F922170844600477C0A /* Assets.xcassets in Resources */,
			);
			runOnlyForDeploymentPostprocessing = 0;
		};
		32577F9B2170844600477C0A /* Resources */ = {
			isa = PBXResourcesBuildPhase;
			buildActionMask = 2147483647;
			files = (
			);
			runOnlyForDeploymentPostprocessing = 0;
		};
		32577FA62170844600477C0A /* Resources */ = {
			isa = PBXResourcesBuildPhase;
			buildActionMask = 2147483647;
			files = (
			);
			runOnlyForDeploymentPostprocessing = 0;
		};
/* End PBXResourcesBuildPhase section */

/* Begin PBXShellScriptBuildPhase section */
		4CF67B9B5C8A45386A43A6BE /* [CP] Copy Pods Resources */ = {
			isa = PBXShellScriptBuildPhase;
			buildActionMask = 2147483647;
			files = (
			);
			inputFileListPaths = (
			);
			inputPaths = (
				"${SRCROOT}/Pods/Target Support Files/Pods-WGMVVM/Pods-WGMVVM-resources.sh",
				"${PODS_ROOT}/MJRefresh/MJRefresh/MJRefresh.bundle",
			);
			name = "[CP] Copy Pods Resources";
			outputFileListPaths = (
			);
			outputPaths = (
				"${TARGET_BUILD_DIR}/${UNLOCALIZED_RESOURCES_FOLDER_PATH}/MJRefresh.bundle",
			);
			runOnlyForDeploymentPostprocessing = 0;
			shellPath = /bin/sh;
			shellScript = "\"${SRCROOT}/Pods/Target Support Files/Pods-WGMVVM/Pods-WGMVVM-resources.sh\"\n";
			showEnvVarsInLog = 0;
		};
		C2572C7F598992BAFD2B741A /* [CP] Check Pods Manifest.lock */ = {
			isa = PBXShellScriptBuildPhase;
			buildActionMask = 2147483647;
			files = (
			);
			inputFileListPaths = (
			);
			inputPaths = (
				"${PODS_PODFILE_DIR_PATH}/Podfile.lock",
				"${PODS_ROOT}/Manifest.lock",
			);
			name = "[CP] Check Pods Manifest.lock";
			outputFileListPaths = (
			);
			outputPaths = (
				"$(DERIVED_FILE_DIR)/Pods-WGMVVM-checkManifestLockResult.txt",
			);
			runOnlyForDeploymentPostprocessing = 0;
			shellPath = /bin/sh;
			shellScript = "diff \"${PODS_PODFILE_DIR_PATH}/Podfile.lock\" \"${PODS_ROOT}/Manifest.lock\" > /dev/null\nif [ $? != 0 ] ; then\n    # print error to STDERR\n    echo \"error: The sandbox is not in sync with the Podfile.lock. Run 'pod install' or update your CocoaPods installation.\" >&2\n    exit 1\nfi\n# This output is used by Xcode 'outputs' to avoid re-running this script phase.\necho \"SUCCESS\" > \"${SCRIPT_OUTPUT_FILE_0}\"\n";
			showEnvVarsInLog = 0;
		};
/* End PBXShellScriptBuildPhase section */

/* Begin PBXSourcesBuildPhase section */
		32577F812170844400477C0A /* Sources */ = {
			isa = PBXSourcesBuildPhase;
			buildActionMask = 2147483647;
			files = (
				3251257C21D6146100B0888A /* WGHomeModel.m in Sources */,
				321B54C721A2D1CA004225B6 /* WGFirstModel.m in Sources */,
				326DA6B221D4CC25004D00E8 /* WGServices.m in Sources */,
				32EE5B1721A427DF0085FE61 /* WGFirstView.m in Sources */,
				325784B221D4EA46000E512A /* WGNewLoginViewModel.m in Sources */,
				3233105121CCDC210067256F /* LoginViewModel.m in Sources */,
				326DA6B821D4DD2F004D00E8 /* WGUser.m in Sources */,
				3251257921D6083300B0888A /* WGHomeViewModel.m in Sources */,
				32B97F8B21D74D0200D01C9B /* WGFriendCellViewModel.m in Sources */,
				3233104B21CCD9C00067256F /* WGLoginViewController.m in Sources */,
				325784AF21D4E543000E512A /* WGResultModel.m in Sources */,
				325784B721D4F104000E512A /* LoadingTool.m in Sources */,
				32B97F8221D73B7C00D01C9B /* WGFriendModel.m in Sources */,
				325784B821D4F104000E512A /* NetworkingTool.m in Sources */,
				3233104E21CCDBDB0067256F /* AccountModel.m in Sources */,
				326DA6A521D4BB3D004D00E8 /* WGNewLoginViewController.m in Sources */,
				32577F8D2170844400477C0A /* ViewController.m in Sources */,
				326DA6AA21D4C747004D00E8 /* WGUserModel.m in Sources */,
				321B54C421A2D1A0004225B6 /* WGBaseViewModel.m in Sources */,
				3233104721CA44570067256F /* WGRACTwoViewController.m in Sources */,
				32B97F8521D74C3100D01C9B /* FriendTableViewCell.m in Sources */,
				32577F982170844600477C0A /* main.m in Sources */,
				326DA6A121D47660004D00E8 /* WGLoginTwoViewController.m in Sources */,
				326DA6B521D4CCCB004D00E8 /* WGResult.m in Sources */,
				32577F8A2170844400477C0A /* AppDelegate.m in Sources */,
				321B54CA21A2D1E4004225B6 /* WGFirstViewModel.m in Sources */,
				3233104421CA3C240067256F /* WGRACViewController.m in Sources */,
				321B54C121A2D173004225B6 /* WGFirstViewController.m in Sources */,
			);
			runOnlyForDeploymentPostprocessing = 0;
		};
		32577F992170844600477C0A /* Sources */ = {
			isa = PBXSourcesBuildPhase;
			buildActionMask = 2147483647;
			files = (
				32577FA22170844600477C0A /* WGMVVMTests.m in Sources */,
			);
			runOnlyForDeploymentPostprocessing = 0;
		};
		32577FA42170844600477C0A /* Sources */ = {
			isa = PBXSourcesBuildPhase;
			buildActionMask = 2147483647;
			files = (
				32577FAD2170844600477C0A /* WGMVVMUITests.m in Sources */,
			);
			runOnlyForDeploymentPostprocessing = 0;
		};
/* End PBXSourcesBuildPhase section */

/* Begin PBXTargetDependency section */
		32577F9F2170844600477C0A /* PBXTargetDependency */ = {
			isa = PBXTargetDependency;
			target = 32577F842170844400477C0A /* WGMVVM */;
			targetProxy = 32577F9E2170844600477C0A /* PBXContainerItemProxy */;
		};
		32577FAA2170844600477C0A /* PBXTargetDependency */ = {
			isa = PBXTargetDependency;
			target = 32577F842170844400477C0A /* WGMVVM */;
			targetProxy = 32577FA92170844600477C0A /* PBXContainerItemProxy */;
		};
/* End PBXTargetDependency section */

/* Begin PBXVariantGroup section */
		32577F932170844600477C0A /* LaunchScreen.storyboard */ = {
			isa = PBXVariantGroup;
			children = (
				32577F942170844600477C0A /* Base */,
			);
			name = LaunchScreen.storyboard;
			sourceTree = "<group>";
		};
/* End PBXVariantGroup section */

/* Begin XCBuildConfiguration section */
		32577FAF2170844600477C0A /* Debug */ = {
			isa = XCBuildConfiguration;
			buildSettings = {
				ALWAYS_SEARCH_USER_PATHS = NO;
				CLANG_ANALYZER_NONNULL = YES;
				CLANG_ANALYZER_NUMBER_OBJECT_CONVERSION = YES_AGGRESSIVE;
				CLANG_CXX_LANGUAGE_STANDARD = "gnu++14";
				CLANG_CXX_LIBRARY = "libc++";
				CLANG_ENABLE_MODULES = YES;
				CLANG_ENABLE_OBJC_ARC = YES;
				CLANG_ENABLE_OBJC_WEAK = YES;
				CLANG_WARN_BLOCK_CAPTURE_AUTORELEASING = YES;
				CLANG_WARN_BOOL_CONVERSION = YES;
				CLANG_WARN_COMMA = YES;
				CLANG_WARN_CONSTANT_CONVERSION = YES;
				CLANG_WARN_DEPRECATED_OBJC_IMPLEMENTATIONS = YES;
				CLANG_WARN_DIRECT_OBJC_ISA_USAGE = YES_ERROR;
				CLANG_WARN_DOCUMENTATION_COMMENTS = YES;
				CLANG_WARN_EMPTY_BODY = YES;
				CLANG_WARN_ENUM_CONVERSION = YES;
				CLANG_WARN_INFINITE_RECURSION = YES;
				CLANG_WARN_INT_CONVERSION = YES;
				CLANG_WARN_NON_LITERAL_NULL_CONVERSION = YES;
				CLANG_WARN_OBJC_IMPLICIT_RETAIN_SELF = YES;
				CLANG_WARN_OBJC_LITERAL_CONVERSION = YES;
				CLANG_WARN_OBJC_ROOT_CLASS = YES_ERROR;
				CLANG_WARN_RANGE_LOOP_ANALYSIS = YES;
				CLANG_WARN_STRICT_PROTOTYPES = YES;
				CLANG_WARN_SUSPICIOUS_MOVE = YES;
				CLANG_WARN_UNGUARDED_AVAILABILITY = YES_AGGRESSIVE;
				CLANG_WARN_UNREACHABLE_CODE = YES;
				CLANG_WARN__DUPLICATE_METHOD_MATCH = YES;
				CODE_SIGN_IDENTITY = "iPhone Developer";
				COPY_PHASE_STRIP = NO;
				DEBUG_INFORMATION_FORMAT = dwarf;
				ENABLE_STRICT_OBJC_MSGSEND = YES;
				ENABLE_TESTABILITY = YES;
				GCC_C_LANGUAGE_STANDARD = gnu11;
				GCC_DYNAMIC_NO_PIC = NO;
				GCC_NO_COMMON_BLOCKS = YES;
				GCC_OPTIMIZATION_LEVEL = 0;
				GCC_PREPROCESSOR_DEFINITIONS = (
					"DEBUG=1",
					"$(inherited)",
				);
				GCC_WARN_64_TO_32_BIT_CONVERSION = YES;
				GCC_WARN_ABOUT_RETURN_TYPE = YES_ERROR;
				GCC_WARN_UNDECLARED_SELECTOR = YES;
				GCC_WARN_UNINITIALIZED_AUTOS = YES_AGGRESSIVE;
				GCC_WARN_UNUSED_FUNCTION = YES;
				GCC_WARN_UNUSED_VARIABLE = YES;
				IPHONEOS_DEPLOYMENT_TARGET = 12.0;
				MTL_ENABLE_DEBUG_INFO = INCLUDE_SOURCE;
				MTL_FAST_MATH = YES;
				ONLY_ACTIVE_ARCH = YES;
				SDKROOT = iphoneos;
			};
			name = Debug;
		};
		32577FB02170844600477C0A /* Release */ = {
			isa = XCBuildConfiguration;
			buildSettings = {
				ALWAYS_SEARCH_USER_PATHS = NO;
				CLANG_ANALYZER_NONNULL = YES;
				CLANG_ANALYZER_NUMBER_OBJECT_CONVERSION = YES_AGGRESSIVE;
				CLANG_CXX_LANGUAGE_STANDARD = "gnu++14";
				CLANG_CXX_LIBRARY = "libc++";
				CLANG_ENABLE_MODULES = YES;
				CLANG_ENABLE_OBJC_ARC = YES;
				CLANG_ENABLE_OBJC_WEAK = YES;
				CLANG_WARN_BLOCK_CAPTURE_AUTORELEASING = YES;
				CLANG_WARN_BOOL_CONVERSION = YES;
				CLANG_WARN_COMMA = YES;
				CLANG_WARN_CONSTANT_CONVERSION = YES;
				CLANG_WARN_DEPRECATED_OBJC_IMPLEMENTATIONS = YES;
				CLANG_WARN_DIRECT_OBJC_ISA_USAGE = YES_ERROR;
				CLANG_WARN_DOCUMENTATION_COMMENTS = YES;
				CLANG_WARN_EMPTY_BODY = YES;
				CLANG_WARN_ENUM_CONVERSION = YES;
				CLANG_WARN_INFINITE_RECURSION = YES;
				CLANG_WARN_INT_CONVERSION = YES;
				CLANG_WARN_NON_LITERAL_NULL_CONVERSION = YES;
				CLANG_WARN_OBJC_IMPLICIT_RETAIN_SELF = YES;
				CLANG_WARN_OBJC_LITERAL_CONVERSION = YES;
				CLANG_WARN_OBJC_ROOT_CLASS = YES_ERROR;
				CLANG_WARN_RANGE_LOOP_ANALYSIS = YES;
				CLANG_WARN_STRICT_PROTOTYPES = YES;
				CLANG_WARN_SUSPICIOUS_MOVE = YES;
				CLANG_WARN_UNGUARDED_AVAILABILITY = YES_AGGRESSIVE;
				CLANG_WARN_UNREACHABLE_CODE = YES;
				CLANG_WARN__DUPLICATE_METHOD_MATCH = YES;
				CODE_SIGN_IDENTITY = "iPhone Developer";
				COPY_PHASE_STRIP = NO;
				DEBUG_INFORMATION_FORMAT = "dwarf-with-dsym";
				ENABLE_NS_ASSERTIONS = NO;
				ENABLE_STRICT_OBJC_MSGSEND = YES;
				GCC_C_LANGUAGE_STANDARD = gnu11;
				GCC_NO_COMMON_BLOCKS = YES;
				GCC_WARN_64_TO_32_BIT_CONVERSION = YES;
				GCC_WARN_ABOUT_RETURN_TYPE = YES_ERROR;
				GCC_WARN_UNDECLARED_SELECTOR = YES;
				GCC_WARN_UNINITIALIZED_AUTOS = YES_AGGRESSIVE;
				GCC_WARN_UNUSED_FUNCTION = YES;
				GCC_WARN_UNUSED_VARIABLE = YES;
				IPHONEOS_DEPLOYMENT_TARGET = 12.0;
				MTL_ENABLE_DEBUG_INFO = NO;
				MTL_FAST_MATH = YES;
				SDKROOT = iphoneos;
				VALIDATE_PRODUCT = YES;
			};
			name = Release;
		};
		32577FB22170844600477C0A /* Debug */ = {
			isa = XCBuildConfiguration;
			baseConfigurationReference = D79B5F0E653558AEAFAF24B2 /* Pods-WGMVVM.debug.xcconfig */;
			buildSettings = {
				ASSETCATALOG_COMPILER_APPICON_NAME = AppIcon;
				CODE_SIGN_STYLE = Automatic;
				DEVELOPMENT_TEAM = 49T87S5RLN;
				GCC_PRECOMPILE_PREFIX_HEADER = YES;
				GCC_PREFIX_HEADER = WGMVVM/WGMVVM.pch;
				INFOPLIST_FILE = WGMVVM/Info.plist;
				IPHONEOS_DEPLOYMENT_TARGET = 9.0;
				LD_RUNPATH_SEARCH_PATHS = (
					"$(inherited)",
					"@executable_path/Frameworks",
				);
				PRODUCT_BUNDLE_IDENTIFIER = com.wanggang.WGMVVM;
				PRODUCT_NAME = "$(TARGET_NAME)";
				TARGETED_DEVICE_FAMILY = "1,2";
			};
			name = Debug;
		};
		32577FB32170844600477C0A /* Release */ = {
			isa = XCBuildConfiguration;
			baseConfigurationReference = F0FD68853BC914522A7815AD /* Pods-WGMVVM.release.xcconfig */;
			buildSettings = {
				ASSETCATALOG_COMPILER_APPICON_NAME = AppIcon;
				CODE_SIGN_STYLE = Automatic;
				DEVELOPMENT_TEAM = 49T87S5RLN;
				GCC_PRECOMPILE_PREFIX_HEADER = YES;
				GCC_PREFIX_HEADER = WGMVVM/WGMVVM.pch;
				INFOPLIST_FILE = WGMVVM/Info.plist;
				IPHONEOS_DEPLOYMENT_TARGET = 9.0;
				LD_RUNPATH_SEARCH_PATHS = (
					"$(inherited)",
					"@executable_path/Frameworks",
				);
				PRODUCT_BUNDLE_IDENTIFIER = com.wanggang.WGMVVM;
				PRODUCT_NAME = "$(TARGET_NAME)";
				TARGETED_DEVICE_FAMILY = "1,2";
			};
			name = Release;
		};
		32577FB52170844600477C0A /* Debug */ = {
			isa = XCBuildConfiguration;
			buildSettings = {
				BUNDLE_LOADER = "$(TEST_HOST)";
				CODE_SIGN_STYLE = Automatic;
				DEVELOPMENT_TEAM = 49T87S5RLN;
				INFOPLIST_FILE = WGMVVMTests/Info.plist;
				LD_RUNPATH_SEARCH_PATHS = (
					"$(inherited)",
					"@executable_path/Frameworks",
					"@loader_path/Frameworks",
				);
				PRODUCT_BUNDLE_IDENTIFIER = com.wanggang.WGMVVMTests;
				PRODUCT_NAME = "$(TARGET_NAME)";
				TARGETED_DEVICE_FAMILY = "1,2";
				TEST_HOST = "$(BUILT_PRODUCTS_DIR)/WGMVVM.app/WGMVVM";
			};
			name = Debug;
		};
		32577FB62170844600477C0A /* Release */ = {
			isa = XCBuildConfiguration;
			buildSettings = {
				BUNDLE_LOADER = "$(TEST_HOST)";
				CODE_SIGN_STYLE = Automatic;
				DEVELOPMENT_TEAM = 49T87S5RLN;
				INFOPLIST_FILE = WGMVVMTests/Info.plist;
				LD_RUNPATH_SEARCH_PATHS = (
					"$(inherited)",
					"@executable_path/Frameworks",
					"@loader_path/Frameworks",
				);
				PRODUCT_BUNDLE_IDENTIFIER = com.wanggang.WGMVVMTests;
				PRODUCT_NAME = "$(TARGET_NAME)";
				TARGETED_DEVICE_FAMILY = "1,2";
				TEST_HOST = "$(BUILT_PRODUCTS_DIR)/WGMVVM.app/WGMVVM";
			};
			name = Release;
		};
		32577FB82170844600477C0A /* Debug */ = {
			isa = XCBuildConfiguration;
			buildSettings = {
				CODE_SIGN_STYLE = Automatic;
				DEVELOPMENT_TEAM = 49T87S5RLN;
				INFOPLIST_FILE = WGMVVMUITests/Info.plist;
				LD_RUNPATH_SEARCH_PATHS = (
					"$(inherited)",
					"@executable_path/Frameworks",
					"@loader_path/Frameworks",
				);
				PRODUCT_BUNDLE_IDENTIFIER = com.wanggang.WGMVVMUITests;
				PRODUCT_NAME = "$(TARGET_NAME)";
				TARGETED_DEVICE_FAMILY = "1,2";
				TEST_TARGET_NAME = WGMVVM;
			};
			name = Debug;
		};
		32577FB92170844600477C0A /* Release */ = {
			isa = XCBuildConfiguration;
			buildSettings = {
				CODE_SIGN_STYLE = Automatic;
				DEVELOPMENT_TEAM = 49T87S5RLN;
				INFOPLIST_FILE = WGMVVMUITests/Info.plist;
				LD_RUNPATH_SEARCH_PATHS = (
					"$(inherited)",
					"@executable_path/Frameworks",
					"@loader_path/Frameworks",
				);
				PRODUCT_BUNDLE_IDENTIFIER = com.wanggang.WGMVVMUITests;
				PRODUCT_NAME = "$(TARGET_NAME)";
				TARGETED_DEVICE_FAMILY = "1,2";
				TEST_TARGET_NAME = WGMVVM;
			};
			name = Release;
		};
/* End XCBuildConfiguration section */

/* Begin XCConfigurationList section */
		32577F802170844400477C0A /* Build configuration list for PBXProject "WGMVVM" */ = {
			isa = XCConfigurationList;
			buildConfigurations = (
				32577FAF2170844600477C0A /* Debug */,
				32577FB02170844600477C0A /* Release */,
			);
			defaultConfigurationIsVisible = 0;
			defaultConfigurationName = Release;
		};
		32577FB12170844600477C0A /* Build configuration list for PBXNativeTarget "WGMVVM" */ = {
			isa = XCConfigurationList;
			buildConfigurations = (
				32577FB22170844600477C0A /* Debug */,
				32577FB32170844600477C0A /* Release */,
			);
			defaultConfigurationIsVisible = 0;
			defaultConfigurationName = Release;
		};
		32577FB42170844600477C0A /* Build configuration list for PBXNativeTarget "WGMVVMTests" */ = {
			isa = XCConfigurationList;
			buildConfigurations = (
				32577FB52170844600477C0A /* Debug */,
				32577FB62170844600477C0A /* Release */,
			);
			defaultConfigurationIsVisible = 0;
			defaultConfigurationName = Release;
		};
		32577FB72170844600477C0A /* Build configuration list for PBXNativeTarget "WGMVVMUITests" */ = {
			isa = XCConfigurationList;
			buildConfigurations = (
				32577FB82170844600477C0A /* Debug */,
				32577FB92170844600477C0A /* Release */,
			);
			defaultConfigurationIsVisible = 0;
			defaultConfigurationName = Release;
		};
/* End XCConfigurationList section */
	};
	rootObject = 32577F7D2170844400477C0A /* Project object */;
}
